{
  "name": "mu-online-js-client",
  "version": "0.0.1",
  "lockfileVersion": 3,
  "requires": true,
  "packages": {
    "": {
      "name": "mu-online-js-client",
      "version": "0.0.1",
      "license": "MIT",
      "dependencies": {
        "@mu-online-js/mu-packet-manager": "^0.0"
      }
    },
    "node_modules/@mu-online-js/mu-packet-manager": {
      "version": "0.0.15",
      "resolved": "https://registry.npmjs.org/@mu-online-js/mu-packet-manager/-/mu-packet-manager-0.0.15.tgz",
      "integrity": "sha512-fiHCPdbys+c1PQ+MTPmT7TVad/TmlY8wGDrml6qoqzsPFOED7UDcCAc031j2/6R719wuOOlC/Z4BHAK22nxTag=="
    }
  }
}
